// !$*UTF8*$!
{
	archiveVersion = 1;
	classes = {
	};
	objectVersion = 56;
	objects = {

/* Begin PBXBuildFile section */
		F3B732252A4EB16500EA2071 /* AppDelegate.swift in Sources */ = {isa = PBXBuildFile; fileRef = F3B732242A4EB16500EA2071 /* AppDelegate.swift */; };
		F3B732272A4EB16500EA2071 /* SceneDelegate.swift in Sources */ = {isa = PBXBuildFile; fileRef = F3B732262A4EB16500EA2071 /* SceneDelegate.swift */; };
		F3B732292A4EB16500EA2071 /* ViewController.swift in Sources */ = {isa = PBXBuildFile; fileRef = F3B732282A4EB16500EA2071 /* ViewController.swift */; };
		F3B7322C2A4EB16500EA2071 /* Main.storyboard in Resources */ = {isa = PBXBuildFile; fileRef = F3B7322A2A4EB16500EA2071 /* Main.storyboard */; };
		F3B7322E2A4EB16700EA2071 /* Assets.xcassets in Resources */ = {isa = PBXBuildFile; fileRef = F3B7322D2A4EB16700EA2071 /* Assets.xcassets */; };
		F3B732312A4EB16700EA2071 /* LaunchScreen.storyboard in Resources */ = {isa = PBXBuildFile; fileRef = F3B7322F2A4EB16700EA2071 /* LaunchScreen.storyboard */; };
		F3B7323C2A4EB16700EA2071 /* EViOS1Tests.swift in Sources */ = {isa = PBXBuildFile; fileRef = F3B7323B2A4EB16700EA2071 /* EViOS1Tests.swift */; };
		F3B732462A4EB16700EA2071 /* EViOS1UITests.swift in Sources */ = {isa = PBXBuildFile; fileRef = F3B732452A4EB16700EA2071 /* EViOS1UITests.swift */; };
		F3B732482A4EB16700EA2071 /* EViOS1UITestsLaunchTests.swift in Sources */ = {isa = PBXBuildFile; fileRef = F3B732472A4EB16700EA2071 /* EViOS1UITestsLaunchTests.swift */; };
/* End PBXBuildFile section */

/* Begin PBXContainerItemProxy section */
		F3B732382A4EB16700EA2071 /* PBXContainerItemProxy */ = {
			isa = PBXContainerItemProxy;
			containerPortal = F3B732192A4EB16500EA2071 /* Project object */;
			proxyType = 1;
			remoteGlobalIDString = F3B732202A4EB16500EA2071;
			remoteInfo = EViOS1;
		};
		F3B732422A4EB16700EA2071 /* PBXContainerItemProxy */ = {
			isa = PBXContainerItemProxy;
			containerPortal = F3B732192A4EB16500EA2071 /* Project object */;
			proxyType = 1;
			remoteGlobalIDString = F3B732202A4EB16500EA2071;
			remoteInfo = EViOS1;
		};
/* End PBXContainerItemProxy section */

/* Begin PBXFileReference section */
		F3B732212A4EB16500EA2071 /* EViOS1.app */ = {isa = PBXFileReference; explicitFileType = wrapper.application; includeInIndex = 0; path = EViOS1.app; sourceTree = BUILT_PRODUCTS_DIR; };
		F3B732242A4EB16500EA2071 /* AppDelegate.swift */ = {isa = PBXFileReference; lastKnownFileType = sourcecode.swift; path = AppDelegate.swift; sourceTree = "<group>"; };
		F3B732262A4EB16500EA2071 /* SceneDelegate.swift */ = {isa = PBXFileReference; lastKnownFileType = sourcecode.swift; path = SceneDelegate.swift; sourceTree = "<group>"; };
		F3B732282A4EB16500EA2071 /* ViewController.swift */ = {isa = PBXFileReference; lastKnownFileType = sourcecode.swift; path = ViewController.swift; sourceTree = "<group>"; };
		F3B7322B2A4EB16500EA2071 /* Base */ = {isa = PBXFileReference; lastKnownFileType = file.storyboard; name = Base; path = Base.lproj/Main.storyboard; sourceTree = "<group>"; };
		F3B7322D2A4EB16700EA2071 /* Assets.xcassets */ = {isa = PBXFileReference; lastKnownFileType = folder.assetcatalog; path = Assets.xcassets; sourceTree = "<group>"; };
		F3B732302A4EB16700EA2071 /* Base */ = {isa = PBXFileReference; lastKnownFileType = file.storyboard; name = Base; path = Base.lproj/LaunchScreen.storyboard; sourceTree = "<group>"; };
		F3B732322A4EB16700EA2071 /* Info.plist */ = {isa = PBXFileReference; lastKnownFileType = text.plist.xml; path = Info.plist; sourceTree = "<group>"; };
		F3B732372A4EB16700EA2071 /* EViOS1Tests.xctest */ = {isa = PBXFileReference; explicitFileType = wrapper.cfbundle; includeInIndex = 0; path = EViOS1Tests.xctest; sourceTree = BUILT_PRODUCTS_DIR; };
		F3B7323B2A4EB16700EA2071 /* EViOS1Tests.swift */ = {isa = PBXFileReference; lastKnownFileType = sourcecode.swift; path = EViOS1Tests.swift; sourceTree = "<group>"; };
		F3B732412A4EB16700EA2071 /* EViOS1UITests.xctest */ = {isa = PBXFileReference; explicitFileType = wrapper.cfbundle; includeInIndex = 0; path = EViOS1UITests.xctest; sourceTree = BUILT_PRODUCTS_DIR; };
		F3B732452A4EB16700EA2071 /* EViOS1UITests.swift */ = {isa = PBXFileReference; lastKnownFileType = sourcecode.swift; path = EViOS1UITests.swift; sourceTree = "<group>"; };
		F3B732472A4EB16700EA2071 /* EViOS1UITestsLaunchTests.swift */ = {isa = PBXFileReference; lastKnownFileType = sourcecode.swift; path = EViOS1UITestsLaunchTests.swift; sourceTree = "<group>"; };
/* End PBXFileReference section */

/* Begin PBXFrameworksBuildPhase section */
		F3B7321E2A4EB16500EA2071 /* Frameworks */ = {
			isa = PBXFrameworksBuildPhase;
			buildActionMask = 2147483647;
			files = (
			);
			runOnlyForDeploymentPostprocessing = 0;
		};
		F3B732342A4EB16700EA2071 /* Frameworks */ = {
			isa = PBXFrameworksBuildPhase;
			buildActionMask = 2147483647;
			files = (
			);
			runOnlyForDeploymentPostprocessing = 0;
		};
		F3B7323E2A4EB16700EA2071 /* Frameworks */ = {
			isa = PBXFrameworksBuildPhase;
			buildActionMask = 2147483647;
			files = (
			);
			runOnlyForDeploymentPostprocessing = 0;
		};
/* End PBXFrameworksBuildPhase section */

/* Begin PBXGroup section */
		F3B732182A4EB16500EA2071 = {
			isa = PBXGroup;
			children = (
				F3B732232A4EB16500EA2071 /* EViOS1 */,
				F3B7323A2A4EB16700EA2071 /* EViOS1Tests */,
				F3B732442A4EB16700EA2071 /* EViOS1UITests */,
				F3B732222A4EB16500EA2071 /* Products */,
			);
			sourceTree = "<group>";
		};
		F3B732222A4EB16500EA2071 /* Products */ = {
			isa = PBXGroup;
			children = (
				F3B732212A4EB16500EA2071 /* EViOS1.app */,
				F3B732372A4EB16700EA2071 /* EViOS1Tests.xctest */,
				F3B732412A4EB16700EA2071 /* EViOS1UITests.xctest */,
			);
			name = Products;
			sourceTree = "<group>";
		};
		F3B732232A4EB16500EA2071 /* EViOS1 */ = {
			isa = PBXGroup;
			children = (
				F3B732242A4EB16500EA2071 /* AppDelegate.swift */,
				F3B732262A4EB16500EA2071 /* SceneDelegate.swift */,
				F3B732282A4EB16500EA2071 /* ViewController.swift */,
				F3B7322A2A4EB16500EA2071 /* Main.storyboard */,
				F3B7322D2A4EB16700EA2071 /* Assets.xcassets */,
				F3B7322F2A4EB16700EA2071 /* LaunchScreen.storyboard */,
				F3B732322A4EB16700EA2071 /* Info.plist */,
			);
			path = EViOS1;
			sourceTree = "<group>";
		};
		F3B7323A2A4EB16700EA2071 /* EViOS1Tests */ = {
			isa = PBXGroup;
			children = (
				F3B7323B2A4EB16700EA2071 /* EViOS1Tests.swift */,
			);
			path = EViOS1Tests;
			sourceTree = "<group>";
		};
		F3B732442A4EB16700EA2071 /* EViOS1UITests */ = {
			isa = PBXGroup;
			children = (
				F3B732452A4EB16700EA2071 /* EViOS1UITests.swift */,
				F3B732472A4EB16700EA2071 /* EViOS1UITestsLaunchTests.swift */,
			);
			path = EViOS1UITests;
			sourceTree = "<group>";
		};
/* End PBXGroup section */

/* Begin PBXNativeTarget section */
		F3B732202A4EB16500EA2071 /* EViOS1 */ = {
			isa = PBXNativeTarget;
			buildConfigurationList = F3B7324B2A4EB16700EA2071 /* Build configuration list for PBXNativeTarget "EViOS1" */;
			buildPhases = (
				F3B7321D2A4EB16500EA2071 /* Sources */,
				F3B7321E2A4EB16500EA2071 /* Frameworks */,
				F3B7321F2A4EB16500EA2071 /* Resources */,
			);
			buildRules = (
			);
			dependencies = (
			);
			name = EViOS1;
			productName = EViOS1;
			productReference = F3B732212A4EB16500EA2071 /* EViOS1.app */;
			productType = "com.apple.product-type.application";
		};
		F3B732362A4EB16700EA2071 /* EViOS1Tests */ = {
			isa = PBXNativeTarget;
			buildConfigurationList = F3B7324E2A4EB16700EA2071 /* Build configuration list for PBXNativeTarget "EViOS1Tests" */;
			buildPhases = (
				F3B732332A4EB16700EA2071 /* Sources */,
				F3B732342A4EB16700EA2071 /* Frameworks */,
				F3B732352A4EB16700EA2071 /* Resources */,
			);
			buildRules = (
			);
			dependencies = (
				F3B732392A4EB16700EA2071 /* PBXTargetDependency */,
			);
			name = EViOS1Tests;
			productName = EViOS1Tests;
			productReference = F3B732372A4EB16700EA2071 /* EViOS1Tests.xctest */;
			productType = "com.apple.product-type.bundle.unit-test";
		};
		F3B732402A4EB16700EA2071 /* EViOS1UITests */ = {
			isa = PBXNativeTarget;
			buildConfigurationList = F3B732512A4EB16700EA2071 /* Build configuration list for PBXNativeTarget "EViOS1UITests" */;
			buildPhases = (
				F3B7323D2A4EB16700EA2071 /* Sources */,
				F3B7323E2A4EB16700EA2071 /* Frameworks */,
				F3B7323F2A4EB16700EA2071 /* Resources */,
			);
			buildRules = (
			);
			dependencies = (
				F3B732432A4EB16700EA2071 /* PBXTargetDependency */,
			);
			name = EViOS1UITests;
			productName = EViOS1UITests;
			productReference = F3B732412A4EB16700EA2071 /* EViOS1UITests.xctest */;
			productType = "com.apple.product-type.bundle.ui-testing";
		};
/* End PBXNativeTarget section */

/* Begin PBXProject section */
		F3B732192A4EB16500EA2071 /* Project object */ = {
			isa = PBXProject;
			attributes = {
				BuildIndependentTargetsInParallel = 1;
				LastSwiftUpdateCheck = 1430;
				LastUpgradeCheck = 1430;
				TargetAttributes = {
					F3B732202A4EB16500EA2071 = {
						CreatedOnToolsVersion = 14.3;
					};
					F3B732362A4EB16700EA2071 = {
						CreatedOnToolsVersion = 14.3;
						TestTargetID = F3B732202A4EB16500EA2071;
					};
					F3B732402A4EB16700EA2071 = {
						CreatedOnToolsVersion = 14.3;
						TestTargetID = F3B732202A4EB16500EA2071;
					};
				};
			};
			buildConfigurationList = F3B7321C2A4EB16500EA2071 /* Build configuration list for PBXProject "EViOS1" */;
			compatibilityVersion = "Xcode 14.0";
			developmentRegion = en;
			hasScannedForEncodings = 0;
			knownRegions = (
				en,
				Base,
			);
			mainGroup = F3B732182A4EB16500EA2071;
			productRefGroup = F3B732222A4EB16500EA2071 /* Products */;
			projectDirPath = "";
			projectRoot = "";
			targets = (
				F3B732202A4EB16500EA2071 /* EViOS1 */,
				F3B732362A4EB16700EA2071 /* EViOS1Tests */,
				F3B732402A4EB16700EA2071 /* EViOS1UITests */,
			);
		};
/* End PBXProject section */

/* Begin PBXResourcesBuildPhase section */
		F3B7321F2A4EB16500EA2071 /* Resources */ = {
			isa = PBXResourcesBuildPhase;
			buildActionMask = 2147483647;
			files = (
				F3B732312A4EB16700EA2071 /* LaunchScreen.storyboard in Resources */,
				F3B7322E2A4EB16700EA2071 /* Assets.xcassets in Resources */,
				F3B7322C2A4EB16500EA2071 /* Main.storyboard in Resources */,
			);
			runOnlyForDeploymentPostprocessing = 0;
		};
		F3B732352A4EB16700EA2071 /* Resources */ = {
			isa = PBXResourcesBuildPhase;
			buildActionMask = 2147483647;
			files = (
			);
			runOnlyForDeploymentPostprocessing = 0;
		};
		F3B7323F2A4EB16700EA2071 /* Resources */ = {
			isa = PBXResourcesBuildPhase;
			buildActionMask = 2147483647;
			files = (
			);
			runOnlyForDeploymentPostprocessing = 0;
		};
/* End PBXResourcesBuildPhase section */

/* Begin PBXSourcesBuildPhase section */
		F3B7321D2A4EB16500EA2071 /* Sources */ = {
			isa = PBXSourcesBuildPhase;
			buildActionMask = 2147483647;
			files = (
				F3B732292A4EB16500EA2071 /* ViewController.swift in Sources */,
				F3B732252A4EB16500EA2071 /* AppDelegate.swift in Sources */,
				F3B732272A4EB16500EA2071 /* SceneDelegate.swift in Sources */,
			);
			runOnlyForDeploymentPostprocessing = 0;
		};
		F3B732332A4EB16700EA2071 /* Sources */ = {
			isa = PBXSourcesBuildPhase;
			buildActionMask = 2147483647;
			files = (
				F3B7323C2A4EB16700EA2071 /* EViOS1Tests.swift in Sources */,
			);
			runOnlyForDeploymentPostprocessing = 0;
		};
		F3B7323D2A4EB16700EA2071 /* Sources */ = {
			isa = PBXSourcesBuildPhase;
			buildActionMask = 2147483647;
			files = (
				F3B732462A4EB16700EA2071 /* EViOS1UITests.swift in Sources */,
				F3B732482A4EB16700EA2071 /* EViOS1UITestsLaunchTests.swift in Sources */,
			);
			runOnlyForDeploymentPostprocessing = 0;
		};
/* End PBXSourcesBuildPhase section */

/* Begin PBXTargetDependency section */
		F3B732392A4EB16700EA2071 /* PBXTargetDependency */ = {
			isa = PBXTargetDependency;
			target = F3B732202A4EB16500EA2071 /* EViOS1 */;
			targetProxy = F3B732382A4EB16700EA2071 /* PBXContainerItemProxy */;
		};
		F3B732432A4EB16700EA2071 /* PBXTargetDependency */ = {
			isa = PBXTargetDependency;
			target = F3B732202A4EB16500EA2071 /* EViOS1 */;
			targetProxy = F3B732422A4EB16700EA2071 /* PBXContainerItemProxy */;
		};
/* End PBXTargetDependency section */

/* Begin PBXVariantGroup section */
		F3B7322A2A4EB16500EA2071 /* Main.storyboard */ = {
			isa = PBXVariantGroup;
			children = (
				F3B7322B2A4EB16500EA2071 /* Base */,
			);
			name = Main.storyboard;
			sourceTree = "<group>";
		};
		F3B7322F2A4EB16700EA2071 /* LaunchScreen.storyboard */ = {
			isa = PBXVariantGroup;
			children = (
				F3B732302A4EB16700EA2071 /* Base */,
			);
			name = LaunchScreen.storyboard;
			sourceTree = "<group>";
		};
/* End PBXVariantGroup section */

/* Begin XCBuildConfiguration section */
		F3B732492A4EB16700EA2071 /* Debug */ = {
			isa = XCBuildConfiguration;
			buildSettings = {
				ALWAYS_SEARCH_USER_PATHS = NO;
				CLANG_ANALYZER_NONNULL = YES;
				CLANG_ANALYZER_NUMBER_OBJECT_CONVERSION = YES_AGGRESSIVE;
				CLANG_CXX_LANGUAGE_STANDARD = "gnu++20";
				CLANG_ENABLE_MODULES = YES;
				CLANG_ENABLE_OBJC_ARC = YES;
				CLANG_ENABLE_OBJC_WEAK = YES;
				CLANG_WARN_BLOCK_CAPTURE_AUTORELEASING = YES;
				CLANG_WARN_BOOL_CONVERSION = YES;
				CLANG_WARN_COMMA = YES;
				CLANG_WARN_CONSTANT_CONVERSION = YES;
				CLANG_WARN_DEPRECATED_OBJC_IMPLEMENTATIONS = YES;
				CLANG_WARN_DIRECT_OBJC_ISA_USAGE = YES_ERROR;
				CLANG_WARN_DOCUMENTATION_COMMENTS = YES;
				CLANG_WARN_EMPTY_BODY = YES;
				CLANG_WARN_ENUM_CONVERSION = YES;
				CLANG_WARN_INFINITE_RECURSION = YES;
				CLANG_WARN_INT_CONVERSION = YES;
				CLANG_WARN_NON_LITERAL_NULL_CONVERSION = YES;
				CLANG_WARN_OBJC_IMPLICIT_RETAIN_SELF = YES;
				CLANG_WARN_OBJC_LITERAL_CONVERSION = YES;
				CLANG_WARN_OBJC_ROOT_CLASS = YES_ERROR;
				CLANG_WARN_QUOTED_INCLUDE_IN_FRAMEWORK_HEADER = YES;
				CLANG_WARN_RANGE_LOOP_ANALYSIS = YES;
				CLANG_WARN_STRICT_PROTOTYPES = YES;
				CLANG_WARN_SUSPICIOUS_MOVE = YES;
				CLANG_WARN_UNGUARDED_AVAILABILITY = YES_AGGRESSIVE;
				CLANG_WARN_UNREACHABLE_CODE = YES;
				CLANG_WARN__DUPLICATE_METHOD_MATCH = YES;
				COPY_PHASE_STRIP = NO;
				DEBUG_INFORMATION_FORMAT = dwarf;
				ENABLE_STRICT_OBJC_MSGSEND = YES;
				ENABLE_TESTABILITY = YES;
				GCC_C_LANGUAGE_STANDARD = gnu11;
				GCC_DYNAMIC_NO_PIC = NO;
				GCC_NO_COMMON_BLOCKS = YES;
				GCC_OPTIMIZATION_LEVEL = 0;
				GCC_PREPROCESSOR_DEFINITIONS = (
					"DEBUG=1",
					"$(inherited)",
				);
				GCC_WARN_64_TO_32_BIT_CONVERSION = YES;
				GCC_WARN_ABOUT_RETURN_TYPE = YES_ERROR;
				GCC_WARN_UNDECLARED_SELECTOR = YES;
				GCC_WARN_UNINITIALIZED_AUTOS = YES_AGGRESSIVE;
				GCC_WARN_UNUSED_FUNCTION = YES;
				GCC_WARN_UNUSED_VARIABLE = YES;
				IPHONEOS_DEPLOYMENT_TARGET = 16.4;
				MTL_ENABLE_DEBUG_INFO = INCLUDE_SOURCE;
				MTL_FAST_MATH = YES;
				ONLY_ACTIVE_ARCH = YES;
				SDKROOT = iphoneos;
				SWIFT_ACTIVE_COMPILATION_CONDITIONS = DEBUG;
				SWIFT_OPTIMIZATION_LEVEL = "-Onone";
			};
			name = Debug;
		};
		F3B7324A2A4EB16700EA2071 /* Release */ = {
			isa = XCBuildConfiguration;
			buildSettings = {
				ALWAYS_SEARCH_USER_PATHS = NO;
				CLANG_ANALYZER_NONNULL = YES;
				CLANG_ANALYZER_NUMBER_OBJECT_CONVERSION = YES_AGGRESSIVE;
				CLANG_CXX_LANGUAGE_STANDARD = "gnu++20";
				CLANG_ENABLE_MODULES = YES;
				CLANG_ENABLE_OBJC_ARC = YES;
				CLANG_ENABLE_OBJC_WEAK = YES;
				CLANG_WARN_BLOCK_CAPTURE_AUTORELEASING = YES;
				CLANG_WARN_BOOL_CONVERSION = YES;
				CLANG_WARN_COMMA = YES;
				CLANG_WARN_CONSTANT_CONVERSION = YES;
				CLANG_WARN_DEPRECATED_OBJC_IMPLEMENTATIONS = YES;
				CLANG_WARN_DIRECT_OBJC_ISA_USAGE = YES_ERROR;
				CLANG_WARN_DOCUMENTATION_COMMENTS = YES;
				CLANG_WARN_EMPTY_BODY = YES;
				CLANG_WARN_ENUM_CONVERSION = YES;
				CLANG_WARN_INFINITE_RECURSION = YES;
				CLANG_WARN_INT_CONVERSION = YES;
				CLANG_WARN_NON_LITERAL_NULL_CONVERSION = YES;
				CLANG_WARN_OBJC_IMPLICIT_RETAIN_SELF = YES;
				CLANG_WARN_OBJC_LITERAL_CONVERSION = YES;
				CLANG_WARN_OBJC_ROOT_CLASS = YES_ERROR;
				CLANG_WARN_QUOTED_INCLUDE_IN_FRAMEWORK_HEADER = YES;
				CLANG_WARN_RANGE_LOOP_ANALYSIS = YES;
				CLANG_WARN_STRICT_PROTOTYPES = YES;
				CLANG_WARN_SUSPICIOUS_MOVE = YES;
				CLANG_WARN_UNGUARDED_AVAILABILITY = YES_AGGRESSIVE;
				CLANG_WARN_UNREACHABLE_CODE = YES;
				CLANG_WARN__DUPLICATE_METHOD_MATCH = YES;
				COPY_PHASE_STRIP = NO;
				DEBUG_INFORMATION_FORMAT = "dwarf-with-dsym";
				ENABLE_NS_ASSERTIONS = NO;
				ENABLE_STRICT_OBJC_MSGSEND = YES;
				GCC_C_LANGUAGE_STANDARD = gnu11;
				GCC_NO_COMMON_BLOCKS = YES;
				GCC_WARN_64_TO_32_BIT_CONVERSION = YES;
				GCC_WARN_ABOUT_RETURN_TYPE = YES_ERROR;
				GCC_WARN_UNDECLARED_SELECTOR = YES;
				GCC_WARN_UNINITIALIZED_AUTOS = YES_AGGRESSIVE;
				GCC_WARN_UNUSED_FUNCTION = YES;
				GCC_WARN_UNUSED_VARIABLE = YES;
				IPHONEOS_DEPLOYMENT_TARGET = 16.4;
				MTL_ENABLE_DEBUG_INFO = NO;
				MTL_FAST_MATH = YES;
				SDKROOT = iphoneos;
				SWIFT_COMPILATION_MODE = wholemodule;
				SWIFT_OPTIMIZATION_LEVEL = "-O";
				VALIDATE_PRODUCT = YES;
			};
			name = Release;
		};
		F3B7324C2A4EB16700EA2071 /* Debug */ = {
			isa = XCBuildConfiguration;
			buildSettings = {
				ASSETCATALOG_COMPILER_APPICON_NAME = AppIcon;
				ASSETCATALOG_COMPILER_GLOBAL_ACCENT_COLOR_NAME = AccentColor;
				CODE_SIGN_STYLE = Automatic;
				CURRENT_PROJECT_VERSION = 1;
				GENERATE_INFOPLIST_FILE = YES;
				INFOPLIST_FILE = EViOS1/Info.plist;
				INFOPLIST_KEY_UIApplicationSupportsIndirectInputEvents = YES;
				INFOPLIST_KEY_UILaunchStoryboardName = LaunchScreen;
				INFOPLIST_KEY_UIMainStoryboardFile = Main;
				INFOPLIST_KEY_UISupportedInterfaceOrientations_iPad = "UIInterfaceOrientationPortrait UIInterfaceOrientationPortraitUpsideDown UIInterfaceOrientationLandscapeLeft UIInterfaceOrientationLandscapeRight";
				INFOPLIST_KEY_UISupportedInterfaceOrientations_iPhone = "UIInterfaceOrientationPortrait UIInterfaceOrientationLandscapeLeft UIInterfaceOrientationLandscapeRight";
				LD_RUNPATH_SEARCH_PATHS = (
					"$(inherited)",
					"@executable_path/Frameworks",
				);
				MARKETING_VERSION = 1.0;
				PRODUCT_BUNDLE_IDENTIFIER = be.mirodeon.EViOS1;
				PRODUCT_NAME = "$(TARGET_NAME)";
				SWIFT_EMIT_LOC_STRINGS = YES;
				SWIFT_VERSION = 5.0;
				TARGETED_DEVICE_FAMILY = "1,2";
			};
			name = Debug;
		};
		F3B7324D2A4EB16700EA2071 /* Release */ = {
			isa = XCBuildConfiguration;
			buildSettings = {
				ASSETCATALOG_COMPILER_APPICON_NAME = AppIcon;
				ASSETCATALOG_COMPILER_GLOBAL_ACCENT_COLOR_NAME = AccentColor;
				CODE_SIGN_STYLE = Automatic;
				CURRENT_PROJECT_VERSION = 1;
				GENERATE_INFOPLIST_FILE = YES;
				INFOPLIST_FILE = EViOS1/Info.plist;
				INFOPLIST_KEY_UIApplicationSupportsIndirectInputEvents = YES;
				INFOPLIST_KEY_UILaunchStoryboardName = LaunchScreen;
				INFOPLIST_KEY_UIMainStoryboardFile = Main;
				INFOPLIST_KEY_UISupportedInterfaceOrientations_iPad = "UIInterfaceOrientationPortrait UIInterfaceOrientationPortraitUpsideDown UIInterfaceOrientationLandscapeLeft UIInterfaceOrientationLandscapeRight";
				INFOPLIST_KEY_UISupportedInterfaceOrientations_iPhone = "UIInterfaceOrientationPortrait UIInterfaceOrientationLandscapeLeft UIInterfaceOrientationLandscapeRight";
				LD_RUNPATH_SEARCH_PATHS = (
					"$(inherited)",
					"@executable_path/Frameworks",
				);
				MARKETING_VERSION = 1.0;
				PRODUCT_BUNDLE_IDENTIFIER = be.mirodeon.EViOS1;
				PRODUCT_NAME = "$(TARGET_NAME)";
				SWIFT_EMIT_LOC_STRINGS = YES;
				SWIFT_VERSION = 5.0;
				TARGETED_DEVICE_FAMILY = "1,2";
			};
			name = Release;
		};
		F3B7324F2A4EB16700EA2071 /* Debug */ = {
			isa = XCBuildConfiguration;
			buildSettings = {
				ALWAYS_EMBED_SWIFT_STANDARD_LIBRARIES = YES;
				BUNDLE_LOADER = "$(TEST_HOST)";
				CODE_SIGN_STYLE = Automatic;
				CURRENT_PROJECT_VERSION = 1;
				GENERATE_INFOPLIST_FILE = YES;
				IPHONEOS_DEPLOYMENT_TARGET = 16.4;
				MARKETING_VERSION = 1.0;
				PRODUCT_BUNDLE_IDENTIFIER = be.mirodeon.EViOS1Tests;
				PRODUCT_NAME = "$(TARGET_NAME)";
				SWIFT_EMIT_LOC_STRINGS = NO;
				SWIFT_VERSION = 5.0;
				TARGETED_DEVICE_FAMILY = "1,2";
				TEST_HOST = "$(BUILT_PRODUCTS_DIR)/EViOS1.app/$(BUNDLE_EXECUTABLE_FOLDER_PATH)/EViOS1";
			};
			name = Debug;
		};
		F3B732502A4EB16700EA2071 /* Release */ = {
			isa = XCBuildConfiguration;
			buildSettings = {
				ALWAYS_EMBED_SWIFT_STANDARD_LIBRARIES = YES;
				BUNDLE_LOADER = "$(TEST_HOST)";
				CODE_SIGN_STYLE = Automatic;
				CURRENT_PROJECT_VERSION = 1;
				GENERATE_INFOPLIST_FILE = YES;
				IPHONEOS_DEPLOYMENT_TARGET = 16.4;
				MARKETING_VERSION = 1.0;
				PRODUCT_BUNDLE_IDENTIFIER = be.mirodeon.EViOS1Tests;
				PRODUCT_NAME = "$(TARGET_NAME)";
				SWIFT_EMIT_LOC_STRINGS = NO;
				SWIFT_VERSION = 5.0;
				TARGETED_DEVICE_FAMILY = "1,2";
				TEST_HOST = "$(BUILT_PRODUCTS_DIR)/EViOS1.app/$(BUNDLE_EXECUTABLE_FOLDER_PATH)/EViOS1";
			};
			name = Release;
		};
		F3B732522A4EB16700EA2071 /* Debug */ = {
			isa = XCBuildConfiguration;
			buildSettings = {
				ALWAYS_EMBED_SWIFT_STANDARD_LIBRARIES = YES;
				CODE_SIGN_STYLE = Automatic;
				CURRENT_PROJECT_VERSION = 1;
				GENERATE_INFOPLIST_FILE = YES;
				MARKETING_VERSION = 1.0;
				PRODUCT_BUNDLE_IDENTIFIER = be.mirodeon.EViOS1UITests;
				PRODUCT_NAME = "$(TARGET_NAME)";
				SWIFT_EMIT_LOC_STRINGS = NO;
				SWIFT_VERSION = 5.0;
				TARGETED_DEVICE_FAMILY = "1,2";
				TEST_TARGET_NAME = EViOS1;
			};
			name = Debug;
		};
		F3B732532A4EB16700EA2071 /* Release */ = {
			isa = XCBuildConfiguration;
			buildSettings = {
				ALWAYS_EMBED_SWIFT_STANDARD_LIBRARIES = YES;
				CODE_SIGN_STYLE = Automatic;
				CURRENT_PROJECT_VERSION = 1;
				GENERATE_INFOPLIST_FILE = YES;
				MARKETING_VERSION = 1.0;
				PRODUCT_BUNDLE_IDENTIFIER = be.mirodeon.EViOS1UITests;
				PRODUCT_NAME = "$(TARGET_NAME)";
				SWIFT_EMIT_LOC_STRINGS = NO;
				SWIFT_VERSION = 5.0;
				TARGETED_DEVICE_FAMILY = "1,2";
				TEST_TARGET_NAME = EViOS1;
			};
			name = Release;
		};
/* End XCBuildConfiguration section */

/* Begin XCConfigurationList section */
		F3B7321C2A4EB16500EA2071 /* Build configuration list for PBXProject "EViOS1" */ = {
			isa = XCConfigurationList;
			buildConfigurations = (
				F3B732492A4EB16700EA2071 /* Debug */,
				F3B7324A2A4EB16700EA2071 /* Release */,
			);
			defaultConfigurationIsVisible = 0;
			defaultConfigurationName = Release;
		};
		F3B7324B2A4EB16700EA2071 /* Build configuration list for PBXNativeTarget "EViOS1" */ = {
			isa = XCConfigurationList;
			buildConfigurations = (
				F3B7324C2A4EB16700EA2071 /* Debug */,
				F3B7324D2A4EB16700EA2071 /* Release */,
			);
			defaultConfigurationIsVisible = 0;
			defaultConfigurationName = Release;
		};
		F3B7324E2A4EB16700EA2071 /* Build configuration list for PBXNativeTarget "EViOS1Tests" */ = {
			isa = XCConfigurationList;
			buildConfigurations = (
				F3B7324F2A4EB16700EA2071 /* Debug */,
				F3B732502A4EB16700EA2071 /* Release */,
			);
			defaultConfigurationIsVisible = 0;
			defaultConfigurationName = Release;
		};
		F3B732512A4EB16700EA2071 /* Build configuration list for PBXNativeTarget "EViOS1UITests" */ = {
			isa = XCConfigurationList;
			buildConfigurations = (
				F3B732522A4EB16700EA2071 /* Debug */,
				F3B732532A4EB16700EA2071 /* Release */,
			);
			defaultConfigurationIsVisible = 0;
			defaultConfigurationName = Release;
		};
/* End XCConfigurationList section */
	};
	rootObject = F3B732192A4EB16500EA2071 /* Project object */;
}
